
Microsoft Visual Studio Solution File, Format Version 12.00
# Visual Studio Version 17
VisualStudioVersion = 17.6.33829.357
MinimumVisualStudioVersion = 10.0.40219.1
Project("{9A19103F-16F7-4668-BE54-9A1E7A4F7556}") = "Domain", "Domain\Domain.csproj", "{F3A3A5F5-64D4-458A-A86B-F7BA635C6FFB}"
EndProject
Project("{9A19103F-16F7-4668-BE54-9A1E7A4F7556}") = "Repository", "Repository\Repository.csproj", "{1AB89C5D-AB26-4632-8210-DCCE0CA59F40}"
EndProject
Project("{9A19103F-16F7-4668-BE54-9A1E7A4F7556}") = "Service", "Service\Service.csproj", "{C3E4E1DE-334E-4ED4-BA4B-19E1E4459190}"
EndProject
Project("{9A19103F-16F7-4668-BE54-9A1E7A4F7556}") = "API", "API\API.csproj", "{A845E58C-DEA0-4174-B057-65D30EC4B675}"
EndProject
Project("{FAE04EC0-301F-11D3-BF4B-00C04F79EFBC}") = "Utils", "Utils\Utils.csproj", "{B1D70200-D508-4C1C-B487-B88D8E34E747}"
EndProject
Global
	GlobalSection(SolutionConfigurationPlatforms) = preSolution
		Debug|Any CPU = Debug|Any CPU
		Release|Any CPU = Release|Any CPU
	EndGlobalSection
	GlobalSection(ProjectConfigurationPlatforms) = postSolution
		{F3A3A5F5-64D4-458A-A86B-F7BA635C6FFB}.Debug|Any CPU.ActiveCfg = Debug|Any CPU
		{F3A3A5F5-64D4-458A-A86B-F7BA635C6FFB}.Debug|Any CPU.Build.0 = Debug|Any CPU
		{F3A3A5F5-64D4-458A-A86B-F7BA635C6FFB}.Release|Any CPU.ActiveCfg = Release|Any CPU
		{F3A3A5F5-64D4-458A-A86B-F7BA635C6FFB}.Release|Any CPU.Build.0 = Release|Any CPU
		{1AB89C5D-AB26-4632-8210-DCCE0CA59F40}.Debug|Any CPU.ActiveCfg = Debug|Any CPU
		{1AB89C5D-AB26-4632-8210-DCCE0CA59F40}.Debug|Any CPU.Build.0 = Debug|Any CPU
		{1AB89C5D-AB26-4632-8210-DCCE0CA59F40}.Release|Any CPU.ActiveCfg = Release|Any CPU
		{1AB89C5D-AB26-4632-8210-DCCE0CA59F40}.Release|Any CPU.Build.0 = Release|Any CPU
		{C3E4E1DE-334E-4ED4-BA4B-19E1E4459190}.Debug|Any CPU.ActiveCfg = Debug|Any CPU
		{C3E4E1DE-334E-4ED4-BA4B-19E1E4459190}.Debug|Any CPU.Build.0 = Debug|Any CPU
		{C3E4E1DE-334E-4ED4-BA4B-19E1E4459190}.Release|Any CPU.ActiveCfg = Release|Any CPU
		{C3E4E1DE-334E-4ED4-BA4B-19E1E4459190}.Release|Any CPU.Build.0 = Release|Any CPU
		{A845E58C-DEA0-4174-B057-65D30EC4B675}.Debug|Any CPU.ActiveCfg = Debug|Any CPU
		{A845E58C-DEA0-4174-B057-65D30EC4B675}.Debug|Any CPU.Build.0 = Debug|Any CPU
		{A845E58C-DEA0-4174-B057-65D30EC4B675}.Release|Any CPU.ActiveCfg = Release|Any CPU
		{A845E58C-DEA0-4174-B057-65D30EC4B675}.Release|Any CPU.Build.0 = Release|Any CPU
		{B1D70200-D508-4C1C-B487-B88D8E34E747}.Debug|Any CPU.ActiveCfg = Debug|Any CPU
		{B1D70200-D508-4C1C-B487-B88D8E34E747}.Debug|Any CPU.Build.0 = Debug|Any CPU
		{B1D70200-D508-4C1C-B487-B88D8E34E747}.Release|Any CPU.ActiveCfg = Release|Any CPU
		{B1D70200-D508-4C1C-B487-B88D8E34E747}.Release|Any CPU.Build.0 = Release|Any CPU
	EndGlobalSection
	GlobalSection(SolutionProperties) = preSolution
		HideSolutionNode = FALSE
	EndGlobalSection
	GlobalSection(ExtensibilityGlobals) = postSolution
		SolutionGuid = {D2C824F2-EB17-4304-A511-B000C4254464}
	EndGlobalSection
EndGlobal
